// !$*UTF8*$!
{
	archiveVersion = 1;
	classes = {
	};
	objectVersion = 55;
	objects = {

/* Begin PBXBuildFile section */
		00337E0028F362E19BA76261 /* Pods_OmniverseCharacters.framework in Frameworks */ = {isa = PBXBuildFile; fileRef = 050F3ED4FD4B71CF37E41FA8 /* Pods_OmniverseCharacters.framework */; };
		2A1C0C2D27A6D46200E000CB /* OmniverseCharactersApp.swift in Sources */ = {isa = PBXBuildFile; fileRef = 2A1C0C2C27A6D46200E000CB /* OmniverseCharactersApp.swift */; };
		2A1C0C2F27A6D46200E000CB /* MainView.swift in Sources */ = {isa = PBXBuildFile; fileRef = 2A1C0C2E27A6D46200E000CB /* MainView.swift */; };
		2A1C0C3127A6D46400E000CB /* Assets.xcassets in Resources */ = {isa = PBXBuildFile; fileRef = 2A1C0C3027A6D46400E000CB /* Assets.xcassets */; };
		2A1C0C3427A6D46400E000CB /* Preview Assets.xcassets in Resources */ = {isa = PBXBuildFile; fileRef = 2A1C0C3327A6D46400E000CB /* Preview Assets.xcassets */; };
		2A1C0C3E27A6D59300E000CB /* CharacterViewModel.swift in Sources */ = {isa = PBXBuildFile; fileRef = 2A1C0C3D27A6D59300E000CB /* CharacterViewModel.swift */; };
		2A1C0C4027A6D68C00E000CB /* Character.swift in Sources */ = {isa = PBXBuildFile; fileRef = 2A1C0C3F27A6D68C00E000CB /* Character.swift */; };
		2A1C0C4327A6EDB200E000CB /* NetworkHandler.swift in Sources */ = {isa = PBXBuildFile; fileRef = 2A1C0C4227A6EDB200E000CB /* NetworkHandler.swift */; };
		2A1C0C4527A6EDE400E000CB /* RMClient.swift in Sources */ = {isa = PBXBuildFile; fileRef = 2A1C0C4427A6EDE400E000CB /* RMClient.swift */; };
		2A1C0C4727A6EDFF00E000CB /* RMCharacter.swift in Sources */ = {isa = PBXBuildFile; fileRef = 2A1C0C4627A6EDFF00E000CB /* RMCharacter.swift */; };
		2A1C0C4A27A6EE1C00E000CB /* RMEpisode.swift in Sources */ = {isa = PBXBuildFile; fileRef = 2A1C0C4927A6EE1C00E000CB /* RMEpisode.swift */; };
		2A1C0C4C27A6EE2D00E000CB /* RMLocation.swift in Sources */ = {isa = PBXBuildFile; fileRef = 2A1C0C4B27A6EE2D00E000CB /* RMLocation.swift */; };
		2A9A849D27A7173200B9AF6D /* CharactersView.swift in Sources */ = {isa = PBXBuildFile; fileRef = 2A9A849C27A7173200B9AF6D /* CharactersView.swift */; };
		2A9A849F27A7177F00B9AF6D /* SearchCharacter.swift in Sources */ = {isa = PBXBuildFile; fileRef = 2A9A849E27A7177F00B9AF6D /* SearchCharacter.swift */; };
		2A9A84A427A71A7900B9AF6D /* UIScreen+Ext.swift in Sources */ = {isa = PBXBuildFile; fileRef = 2A9A84A127A71A7900B9AF6D /* UIScreen+Ext.swift */; };
		2A9A84A527A71A7900B9AF6D /* Color+Ext.swift in Sources */ = {isa = PBXBuildFile; fileRef = 2A9A84A227A71A7900B9AF6D /* Color+Ext.swift */; };
		2A9A84A627A71A7900B9AF6D /* View+Ext.swift in Sources */ = {isa = PBXBuildFile; fileRef = 2A9A84A327A71A7900B9AF6D /* View+Ext.swift */; };
		2A9A84A827A7276900B9AF6D /* SearchCharacterViewModel.swift in Sources */ = {isa = PBXBuildFile; fileRef = 2A9A84A727A7276900B9AF6D /* SearchCharacterViewModel.swift */; };
		2A9A84AA27A72C9700B9AF6D /* DetailCharacterView.swift in Sources */ = {isa = PBXBuildFile; fileRef = 2A9A84A927A72C9700B9AF6D /* DetailCharacterView.swift */; };
		2A9A84AC27A7384600B9AF6D /* DetailCharacterViewModel.swift in Sources */ = {isa = PBXBuildFile; fileRef = 2A9A84AB27A7384600B9AF6D /* DetailCharacterViewModel.swift */; };
/* End PBXBuildFile section */

/* Begin PBXFileReference section */
		050F3ED4FD4B71CF37E41FA8 /* Pods_OmniverseCharacters.framework */ = {isa = PBXFileReference; explicitFileType = wrapper.framework; includeInIndex = 0; path = Pods_OmniverseCharacters.framework; sourceTree = BUILT_PRODUCTS_DIR; };
		2A1C0C2927A6D46200E000CB /* OmniverseCharacters.app */ = {isa = PBXFileReference; explicitFileType = wrapper.application; includeInIndex = 0; path = OmniverseCharacters.app; sourceTree = BUILT_PRODUCTS_DIR; };
		2A1C0C2C27A6D46200E000CB /* OmniverseCharactersApp.swift */ = {isa = PBXFileReference; lastKnownFileType = sourcecode.swift; path = OmniverseCharactersApp.swift; sourceTree = "<group>"; };
		2A1C0C2E27A6D46200E000CB /* MainView.swift */ = {isa = PBXFileReference; lastKnownFileType = sourcecode.swift; path = MainView.swift; sourceTree = "<group>"; };
		2A1C0C3027A6D46400E000CB /* Assets.xcassets */ = {isa = PBXFileReference; lastKnownFileType = folder.assetcatalog; path = Assets.xcassets; sourceTree = "<group>"; };
		2A1C0C3327A6D46400E000CB /* Preview Assets.xcassets */ = {isa = PBXFileReference; lastKnownFileType = folder.assetcatalog; path = "Preview Assets.xcassets"; sourceTree = "<group>"; };
		2A1C0C3D27A6D59300E000CB /* CharacterViewModel.swift */ = {isa = PBXFileReference; lastKnownFileType = sourcecode.swift; path = CharacterViewModel.swift; sourceTree = "<group>"; };
		2A1C0C3F27A6D68C00E000CB /* Character.swift */ = {isa = PBXFileReference; lastKnownFileType = sourcecode.swift; path = Character.swift; sourceTree = "<group>"; };
		2A1C0C4227A6EDB200E000CB /* NetworkHandler.swift */ = {isa = PBXFileReference; lastKnownFileType = sourcecode.swift; path = NetworkHandler.swift; sourceTree = "<group>"; };
		2A1C0C4427A6EDE400E000CB /* RMClient.swift */ = {isa = PBXFileReference; lastKnownFileType = sourcecode.swift; path = RMClient.swift; sourceTree = "<group>"; };
		2A1C0C4627A6EDFF00E000CB /* RMCharacter.swift */ = {isa = PBXFileReference; lastKnownFileType = sourcecode.swift; path = RMCharacter.swift; sourceTree = "<group>"; };
		2A1C0C4927A6EE1C00E000CB /* RMEpisode.swift */ = {isa = PBXFileReference; lastKnownFileType = sourcecode.swift; path = RMEpisode.swift; sourceTree = "<group>"; };
		2A1C0C4B27A6EE2D00E000CB /* RMLocation.swift */ = {isa = PBXFileReference; lastKnownFileType = sourcecode.swift; path = RMLocation.swift; sourceTree = "<group>"; };
		2A9A849C27A7173200B9AF6D /* CharactersView.swift */ = {isa = PBXFileReference; lastKnownFileType = sourcecode.swift; path = CharactersView.swift; sourceTree = "<group>"; };
		2A9A849E27A7177F00B9AF6D /* SearchCharacter.swift */ = {isa = PBXFileReference; lastKnownFileType = sourcecode.swift; path = SearchCharacter.swift; sourceTree = "<group>"; };
		2A9A84A127A71A7900B9AF6D /* UIScreen+Ext.swift */ = {isa = PBXFileReference; fileEncoding = 4; lastKnownFileType = sourcecode.swift; path = "UIScreen+Ext.swift"; sourceTree = "<group>"; };
		2A9A84A227A71A7900B9AF6D /* Color+Ext.swift */ = {isa = PBXFileReference; fileEncoding = 4; lastKnownFileType = sourcecode.swift; path = "Color+Ext.swift"; sourceTree = "<group>"; };
		2A9A84A327A71A7900B9AF6D /* View+Ext.swift */ = {isa = PBXFileReference; fileEncoding = 4; lastKnownFileType = sourcecode.swift; path = "View+Ext.swift"; sourceTree = "<group>"; };
		2A9A84A727A7276900B9AF6D /* SearchCharacterViewModel.swift */ = {isa = PBXFileReference; lastKnownFileType = sourcecode.swift; path = SearchCharacterViewModel.swift; sourceTree = "<group>"; };
		2A9A84A927A72C9700B9AF6D /* DetailCharacterView.swift */ = {isa = PBXFileReference; lastKnownFileType = sourcecode.swift; path = DetailCharacterView.swift; sourceTree = "<group>"; };
		2A9A84AB27A7384600B9AF6D /* DetailCharacterViewModel.swift */ = {isa = PBXFileReference; lastKnownFileType = sourcecode.swift; path = DetailCharacterViewModel.swift; sourceTree = "<group>"; };
		654CB873A2920005B80E5F14 /* Pods-OmniverseCharacters.release.xcconfig */ = {isa = PBXFileReference; includeInIndex = 1; lastKnownFileType = text.xcconfig; name = "Pods-OmniverseCharacters.release.xcconfig"; path = "Target Support Files/Pods-OmniverseCharacters/Pods-OmniverseCharacters.release.xcconfig"; sourceTree = "<group>"; };
		C625CB91336B2E88238194FD /* Pods-OmniverseCharacters.debug.xcconfig */ = {isa = PBXFileReference; includeInIndex = 1; lastKnownFileType = text.xcconfig; name = "Pods-OmniverseCharacters.debug.xcconfig"; path = "Target Support Files/Pods-OmniverseCharacters/Pods-OmniverseCharacters.debug.xcconfig"; sourceTree = "<group>"; };
/* End PBXFileReference section */

/* Begin PBXFrameworksBuildPhase section */
		2A1C0C2627A6D46200E000CB /* Frameworks */ = {
			isa = PBXFrameworksBuildPhase;
			buildActionMask = 2147483647;
			files = (
				00337E0028F362E19BA76261 /* Pods_OmniverseCharacters.framework in Frameworks */,
			);
			runOnlyForDeploymentPostprocessing = 0;
		};
/* End PBXFrameworksBuildPhase section */

/* Begin PBXGroup section */
		2A1C0C2027A6D46200E000CB = {
			isa = PBXGroup;
			children = (
				2A1C0C2B27A6D46200E000CB /* OmniverseCharacters */,
				2A1C0C2A27A6D46200E000CB /* Products */,
				C03A4CE83ED16F2ABC7ABF2E /* Pods */,
				4A27D8878531AABF60659C67 /* Frameworks */,
			);
			sourceTree = "<group>";
		};
		2A1C0C2A27A6D46200E000CB /* Products */ = {
			isa = PBXGroup;
			children = (
				2A1C0C2927A6D46200E000CB /* OmniverseCharacters.app */,
			);
			name = Products;
			sourceTree = "<group>";
		};
		2A1C0C2B27A6D46200E000CB /* OmniverseCharacters */ = {
			isa = PBXGroup;
			children = (
				2A1C0C2C27A6D46200E000CB /* OmniverseCharactersApp.swift */,
				2A9A84A027A71A7900B9AF6D /* Extensions */,
				2A1C0C4127A6ED9D00E000CB /* APIClient */,
				2A1C0C3A27A6D55E00E000CB /* View */,
				2A1C0C3B27A6D56300E000CB /* ViewModel */,
				2A1C0C3C27A6D56E00E000CB /* Model */,
				2A1C0C3027A6D46400E000CB /* Assets.xcassets */,
				2A1C0C3227A6D46400E000CB /* Preview Content */,
			);
			path = OmniverseCharacters;
			sourceTree = "<group>";
		};
		2A1C0C3227A6D46400E000CB /* Preview Content */ = {
			isa = PBXGroup;
			children = (
				2A1C0C3327A6D46400E000CB /* Preview Assets.xcassets */,
			);
			path = "Preview Content";
			sourceTree = "<group>";
		};
		2A1C0C3A27A6D55E00E000CB /* View */ = {
			isa = PBXGroup;
			children = (
				2A1C0C2E27A6D46200E000CB /* MainView.swift */,
				2A9A849C27A7173200B9AF6D /* CharactersView.swift */,
				2A9A84A927A72C9700B9AF6D /* DetailCharacterView.swift */,
				2A9A849E27A7177F00B9AF6D /* SearchCharacter.swift */,
			);
			path = View;
			sourceTree = "<group>";
		};
		2A1C0C3B27A6D56300E000CB /* ViewModel */ = {
			isa = PBXGroup;
			children = (
				2A1C0C3D27A6D59300E000CB /* CharacterViewModel.swift */,
				2A9A84AB27A7384600B9AF6D /* DetailCharacterViewModel.swift */,
				2A9A84A727A7276900B9AF6D /* SearchCharacterViewModel.swift */,
			);
			path = ViewModel;
			sourceTree = "<group>";
		};
		2A1C0C3C27A6D56E00E000CB /* Model */ = {
			isa = PBXGroup;
			children = (
				2A1C0C3F27A6D68C00E000CB /* Character.swift */,
			);
			path = Model;
			sourceTree = "<group>";
		};
		2A1C0C4127A6ED9D00E000CB /* APIClient */ = {
			isa = PBXGroup;
			children = (
				2A1C0C4227A6EDB200E000CB /* NetworkHandler.swift */,
				2A1C0C4427A6EDE400E000CB /* RMClient.swift */,
				2A1C0C4627A6EDFF00E000CB /* RMCharacter.swift */,
				2A1C0C4927A6EE1C00E000CB /* RMEpisode.swift */,
				2A1C0C4B27A6EE2D00E000CB /* RMLocation.swift */,
			);
			path = APIClient;
			sourceTree = "<group>";
		};
		2A9A84A027A71A7900B9AF6D /* Extensions */ = {
			isa = PBXGroup;
			children = (
				2A9A84A127A71A7900B9AF6D /* UIScreen+Ext.swift */,
				2A9A84A227A71A7900B9AF6D /* Color+Ext.swift */,
				2A9A84A327A71A7900B9AF6D /* View+Ext.swift */,
			);
			path = Extensions;
			sourceTree = "<group>";
		};
		4A27D8878531AABF60659C67 /* Frameworks */ = {
			isa = PBXGroup;
			children = (
				050F3ED4FD4B71CF37E41FA8 /* Pods_OmniverseCharacters.framework */,
			);
			name = Frameworks;
			sourceTree = "<group>";
		};
		C03A4CE83ED16F2ABC7ABF2E /* Pods */ = {
			isa = PBXGroup;
			children = (
				C625CB91336B2E88238194FD /* Pods-OmniverseCharacters.debug.xcconfig */,
				654CB873A2920005B80E5F14 /* Pods-OmniverseCharacters.release.xcconfig */,
			);
			path = Pods;
			sourceTree = "<group>";
		};
/* End PBXGroup section */

/* Begin PBXNativeTarget section */
		2A1C0C2827A6D46200E000CB /* OmniverseCharacters */ = {
			isa = PBXNativeTarget;
			buildConfigurationList = 2A1C0C3727A6D46400E000CB /* Build configuration list for PBXNativeTarget "OmniverseCharacters" */;
			buildPhases = (
				5590A5C91B4CF2D3669B495C /* [CP] Check Pods Manifest.lock */,
				2A1C0C2527A6D46200E000CB /* Sources */,
				2A1C0C2627A6D46200E000CB /* Frameworks */,
				2A1C0C2727A6D46200E000CB /* Resources */,
				6DE82C9325D1A2DD49CDEC96 /* [CP] Embed Pods Frameworks */,
			);
			buildRules = (
			);
			dependencies = (
			);
			name = OmniverseCharacters;
			productName = OmniverseCharacters;
			productReference = 2A1C0C2927A6D46200E000CB /* OmniverseCharacters.app */;
			productType = "com.apple.product-type.application";
		};
/* End PBXNativeTarget section */

/* Begin PBXProject section */
		2A1C0C2127A6D46200E000CB /* Project object */ = {
			isa = PBXProject;
			attributes = {
				BuildIndependentTargetsInParallel = 1;
				LastSwiftUpdateCheck = 1320;
				LastUpgradeCheck = 1320;
				TargetAttributes = {
					2A1C0C2827A6D46200E000CB = {
						CreatedOnToolsVersion = 13.2.1;
					};
				};
			};
			buildConfigurationList = 2A1C0C2427A6D46200E000CB /* Build configuration list for PBXProject "OmniverseCharacters" */;
			compatibilityVersion = "Xcode 13.0";
			developmentRegion = en;
			hasScannedForEncodings = 0;
			knownRegions = (
				en,
				Base,
			);
			mainGroup = 2A1C0C2027A6D46200E000CB;
			productRefGroup = 2A1C0C2A27A6D46200E000CB /* Products */;
			projectDirPath = "";
			projectRoot = "";
			targets = (
				2A1C0C2827A6D46200E000CB /* OmniverseCharacters */,
			);
		};
/* End PBXProject section */

/* Begin PBXResourcesBuildPhase section */
		2A1C0C2727A6D46200E000CB /* Resources */ = {
			isa = PBXResourcesBuildPhase;
			buildActionMask = 2147483647;
			files = (
				2A1C0C3427A6D46400E000CB /* Preview Assets.xcassets in Resources */,
				2A1C0C3127A6D46400E000CB /* Assets.xcassets in Resources */,
			);
			runOnlyForDeploymentPostprocessing = 0;
		};
/* End PBXResourcesBuildPhase section */

/* Begin PBXShellScriptBuildPhase section */
		5590A5C91B4CF2D3669B495C /* [CP] Check Pods Manifest.lock */ = {
			isa = PBXShellScriptBuildPhase;
			buildActionMask = 2147483647;
			files = (
			);
			inputFileListPaths = (
			);
			inputPaths = (
				"${PODS_PODFILE_DIR_PATH}/Podfile.lock",
				"${PODS_ROOT}/Manifest.lock",
			);
			name = "[CP] Check Pods Manifest.lock";
			outputFileListPaths = (
			);
			outputPaths = (
				"$(DERIVED_FILE_DIR)/Pods-OmniverseCharacters-checkManifestLockResult.txt",
			);
			runOnlyForDeploymentPostprocessing = 0;
			shellPath = /bin/sh;
			shellScript = "diff \"${PODS_PODFILE_DIR_PATH}/Podfile.lock\" \"${PODS_ROOT}/Manifest.lock\" > /dev/null\nif [ $? != 0 ] ; then\n    # print error to STDERR\n    echo \"error: The sandbox is not in sync with the Podfile.lock. Run 'pod install' or update your CocoaPods installation.\" >&2\n    exit 1\nfi\n# This output is used by Xcode 'outputs' to avoid re-running this script phase.\necho \"SUCCESS\" > \"${SCRIPT_OUTPUT_FILE_0}\"\n";
			showEnvVarsInLog = 0;
		};
		6DE82C9325D1A2DD49CDEC96 /* [CP] Embed Pods Frameworks */ = {
			isa = PBXShellScriptBuildPhase;
			buildActionMask = 2147483647;
			files = (
			);
			inputFileListPaths = (
				"${PODS_ROOT}/Target Support Files/Pods-OmniverseCharacters/Pods-OmniverseCharacters-frameworks-${CONFIGURATION}-input-files.xcfilelist",
			);
			name = "[CP] Embed Pods Frameworks";
			outputFileListPaths = (
				"${PODS_ROOT}/Target Support Files/Pods-OmniverseCharacters/Pods-OmniverseCharacters-frameworks-${CONFIGURATION}-output-files.xcfilelist",
			);
			runOnlyForDeploymentPostprocessing = 0;
			shellPath = /bin/sh;
			shellScript = "\"${PODS_ROOT}/Target Support Files/Pods-OmniverseCharacters/Pods-OmniverseCharacters-frameworks.sh\"\n";
			showEnvVarsInLog = 0;
		};
/* End PBXShellScriptBuildPhase section */

/* Begin PBXSourcesBuildPhase section */
		2A1C0C2527A6D46200E000CB /* Sources */ = {
			isa = PBXSourcesBuildPhase;
			buildActionMask = 2147483647;
			files = (
				2A9A84AC27A7384600B9AF6D /* DetailCharacterViewModel.swift in Sources */,
				2A9A84A627A71A7900B9AF6D /* View+Ext.swift in Sources */,
				2A1C0C2F27A6D46200E000CB /* MainView.swift in Sources */,
				2A1C0C2D27A6D46200E000CB /* OmniverseCharactersApp.swift in Sources */,
				2A1C0C4A27A6EE1C00E000CB /* RMEpisode.swift in Sources */,
				2A1C0C4727A6EDFF00E000CB /* RMCharacter.swift in Sources */,
				2A9A84A527A71A7900B9AF6D /* Color+Ext.swift in Sources */,
				2A1C0C4C27A6EE2D00E000CB /* RMLocation.swift in Sources */,
				2A1C0C3E27A6D59300E000CB /* CharacterViewModel.swift in Sources */,
				2A9A849D27A7173200B9AF6D /* CharactersView.swift in Sources */,
				2A9A84A427A71A7900B9AF6D /* UIScreen+Ext.swift in Sources */,
				2A1C0C4527A6EDE400E000CB /* RMClient.swift in Sources */,
				2A1C0C4327A6EDB200E000CB /* NetworkHandler.swift in Sources */,
				2A1C0C4027A6D68C00E000CB /* Character.swift in Sources */,
				2A9A84A827A7276900B9AF6D /* SearchCharacterViewModel.swift in Sources */,
				2A9A849F27A7177F00B9AF6D /* SearchCharacter.swift in Sources */,
				2A9A84AA27A72C9700B9AF6D /* DetailCharacterView.swift in Sources */,
			);
			runOnlyForDeploymentPostprocessing = 0;
		};
/* End PBXSourcesBuildPhase section */

/* Begin XCBuildConfiguration section */
		2A1C0C3527A6D46400E000CB /* Debug */ = {
			isa = XCBuildConfiguration;
			buildSettings = {
				ALWAYS_SEARCH_USER_PATHS = NO;
				CLANG_ANALYZER_NONNULL = YES;
				CLANG_ANALYZER_NUMBER_OBJECT_CONVERSION = YES_AGGRESSIVE;
				CLANG_CXX_LANGUAGE_STANDARD = "gnu++17";
				CLANG_CXX_LIBRARY = "libc++";
				CLANG_ENABLE_MODULES = YES;
				CLANG_ENABLE_OBJC_ARC = YES;
				CLANG_ENABLE_OBJC_WEAK = YES;
				CLANG_WARN_BLOCK_CAPTURE_AUTORELEASING = YES;
				CLANG_WARN_BOOL_CONVERSION = YES;
				CLANG_WARN_COMMA = YES;
				CLANG_WARN_CONSTANT_CONVERSION = YES;
				CLANG_WARN_DEPRECATED_OBJC_IMPLEMENTATIONS = YES;
				CLANG_WARN_DIRECT_OBJC_ISA_USAGE = YES_ERROR;
				CLANG_WARN_DOCUMENTATION_COMMENTS = YES;
				CLANG_WARN_EMPTY_BODY = YES;
				CLANG_WARN_ENUM_CONVERSION = YES;
				CLANG_WARN_INFINITE_RECURSION = YES;
				CLANG_WARN_INT_CONVERSION = YES;
				CLANG_WARN_NON_LITERAL_NULL_CONVERSION = YES;
				CLANG_WARN_OBJC_IMPLICIT_RETAIN_SELF = YES;
				CLANG_WARN_OBJC_LITERAL_CONVERSION = YES;
				CLANG_WARN_OBJC_ROOT_CLASS = YES_ERROR;
				CLANG_WARN_QUOTED_INCLUDE_IN_FRAMEWORK_HEADER = YES;
				CLANG_WARN_RANGE_LOOP_ANALYSIS = YES;
				CLANG_WARN_STRICT_PROTOTYPES = YES;
				CLANG_WARN_SUSPICIOUS_MOVE = YES;
				CLANG_WARN_UNGUARDED_AVAILABILITY = YES_AGGRESSIVE;
				CLANG_WARN_UNREACHABLE_CODE = YES;
				CLANG_WARN__DUPLICATE_METHOD_MATCH = YES;
				COPY_PHASE_STRIP = NO;
				DEBUG_INFORMATION_FORMAT = dwarf;
				ENABLE_STRICT_OBJC_MSGSEND = YES;
				ENABLE_TESTABILITY = YES;
				GCC_C_LANGUAGE_STANDARD = gnu11;
				GCC_DYNAMIC_NO_PIC = NO;
				GCC_NO_COMMON_BLOCKS = YES;
				GCC_OPTIMIZATION_LEVEL = 0;
				GCC_PREPROCESSOR_DEFINITIONS = (
					"DEBUG=1",
					"$(inherited)",
				);
				GCC_WARN_64_TO_32_BIT_CONVERSION = YES;
				GCC_WARN_ABOUT_RETURN_TYPE = YES_ERROR;
				GCC_WARN_UNDECLARED_SELECTOR = YES;
				GCC_WARN_UNINITIALIZED_AUTOS = YES_AGGRESSIVE;
				GCC_WARN_UNUSED_FUNCTION = YES;
				GCC_WARN_UNUSED_VARIABLE = YES;
				IPHONEOS_DEPLOYMENT_TARGET = 15.2;
				MTL_ENABLE_DEBUG_INFO = INCLUDE_SOURCE;
				MTL_FAST_MATH = YES;
				ONLY_ACTIVE_ARCH = YES;
				SDKROOT = iphoneos;
				SWIFT_ACTIVE_COMPILATION_CONDITIONS = DEBUG;
				SWIFT_OPTIMIZATION_LEVEL = "-Onone";
			};
			name = Debug;
		};
		2A1C0C3627A6D46400E000CB /* Release */ = {
			isa = XCBuildConfiguration;
			buildSettings = {
				ALWAYS_SEARCH_USER_PATHS = NO;
				CLANG_ANALYZER_NONNULL = YES;
				CLANG_ANALYZER_NUMBER_OBJECT_CONVERSION = YES_AGGRESSIVE;
				CLANG_CXX_LANGUAGE_STANDARD = "gnu++17";
				CLANG_CXX_LIBRARY = "libc++";
				CLANG_ENABLE_MODULES = YES;
				CLANG_ENABLE_OBJC_ARC = YES;
				CLANG_ENABLE_OBJC_WEAK = YES;
				CLANG_WARN_BLOCK_CAPTURE_AUTORELEASING = YES;
				CLANG_WARN_BOOL_CONVERSION = YES;
				CLANG_WARN_COMMA = YES;
				CLANG_WARN_CONSTANT_CONVERSION = YES;
				CLANG_WARN_DEPRECATED_OBJC_IMPLEMENTATIONS = YES;
				CLANG_WARN_DIRECT_OBJC_ISA_USAGE = YES_ERROR;
				CLANG_WARN_DOCUMENTATION_COMMENTS = YES;
				CLANG_WARN_EMPTY_BODY = YES;
				CLANG_WARN_ENUM_CONVERSION = YES;
				CLANG_WARN_INFINITE_RECURSION = YES;
				CLANG_WARN_INT_CONVERSION = YES;
				CLANG_WARN_NON_LITERAL_NULL_CONVERSION = YES;
				CLANG_WARN_OBJC_IMPLICIT_RETAIN_SELF = YES;
				CLANG_WARN_OBJC_LITERAL_CONVERSION = YES;
				CLANG_WARN_OBJC_ROOT_CLASS = YES_ERROR;
				CLANG_WARN_QUOTED_INCLUDE_IN_FRAMEWORK_HEADER = YES;
				CLANG_WARN_RANGE_LOOP_ANALYSIS = YES;
				CLANG_WARN_STRICT_PROTOTYPES = YES;
				CLANG_WARN_SUSPICIOUS_MOVE = YES;
				CLANG_WARN_UNGUARDED_AVAILABILITY = YES_AGGRESSIVE;
				CLANG_WARN_UNREACHABLE_CODE = YES;
				CLANG_WARN__DUPLICATE_METHOD_MATCH = YES;
				COPY_PHASE_STRIP = NO;
				DEBUG_INFORMATION_FORMAT = "dwarf-with-dsym";
				ENABLE_NS_ASSERTIONS = NO;
				ENABLE_STRICT_OBJC_MSGSEND = YES;
				GCC_C_LANGUAGE_STANDARD = gnu11;
				GCC_NO_COMMON_BLOCKS = YES;
				GCC_WARN_64_TO_32_BIT_CONVERSION = YES;
				GCC_WARN_ABOUT_RETURN_TYPE = YES_ERROR;
				GCC_WARN_UNDECLARED_SELECTOR = YES;
				GCC_WARN_UNINITIALIZED_AUTOS = YES_AGGRESSIVE;
				GCC_WARN_UNUSED_FUNCTION = YES;
				GCC_WARN_UNUSED_VARIABLE = YES;
				IPHONEOS_DEPLOYMENT_TARGET = 15.2;
				MTL_ENABLE_DEBUG_INFO = NO;
				MTL_FAST_MATH = YES;
				SDKROOT = iphoneos;
				SWIFT_COMPILATION_MODE = wholemodule;
				SWIFT_OPTIMIZATION_LEVEL = "-O";
				VALIDATE_PRODUCT = YES;
			};
			name = Release;
		};
		2A1C0C3827A6D46400E000CB /* Debug */ = {
			isa = XCBuildConfiguration;
			baseConfigurationReference = C625CB91336B2E88238194FD /* Pods-OmniverseCharacters.debug.xcconfig */;
			buildSettings = {
				ASSETCATALOG_COMPILER_APPICON_NAME = AppIcon;
				ASSETCATALOG_COMPILER_GLOBAL_ACCENT_COLOR_NAME = AccentColor;
				CODE_SIGN_STYLE = Automatic;
				CURRENT_PROJECT_VERSION = 1;
				DEVELOPMENT_ASSET_PATHS = "\"OmniverseCharacters/Preview Content\"";
				DEVELOPMENT_TEAM = S6DJ727MSY;
				ENABLE_PREVIEWS = YES;
				GENERATE_INFOPLIST_FILE = YES;
				INFOPLIST_KEY_UIApplicationSceneManifest_Generation = YES;
				INFOPLIST_KEY_UIApplicationSupportsIndirectInputEvents = YES;
				INFOPLIST_KEY_UILaunchScreen_Generation = YES;
				INFOPLIST_KEY_UISupportedInterfaceOrientations_iPad = "UIInterfaceOrientationPortrait UIInterfaceOrientationPortraitUpsideDown UIInterfaceOrientationLandscapeLeft UIInterfaceOrientationLandscapeRight";
				INFOPLIST_KEY_UISupportedInterfaceOrientations_iPhone = "UIInterfaceOrientationPortrait UIInterfaceOrientationLandscapeLeft UIInterfaceOrientationLandscapeRight";
				LD_RUNPATH_SEARCH_PATHS = (
					"$(inherited)",
					"@executable_path/Frameworks",
				);
				MARKETING_VERSION = 1.0;
				PRODUCT_BUNDLE_IDENTIFIER = com.mujo.OmniverseCharacters;
				PRODUCT_NAME = "$(TARGET_NAME)";
				SWIFT_EMIT_LOC_STRINGS = YES;
				SWIFT_VERSION = 5.0;
				TARGETED_DEVICE_FAMILY = "1,2";
			};
			name = Debug;
		};
		2A1C0C3927A6D46400E000CB /* Release */ = {
			isa = XCBuildConfiguration;
			baseConfigurationReference = 654CB873A2920005B80E5F14 /* Pods-OmniverseCharacters.release.xcconfig */;
			buildSettings = {
				ASSETCATALOG_COMPILER_APPICON_NAME = AppIcon;
				ASSETCATALOG_COMPILER_GLOBAL_ACCENT_COLOR_NAME = AccentColor;
				CODE_SIGN_STYLE = Automatic;
				CURRENT_PROJECT_VERSION = 1;
				DEVELOPMENT_ASSET_PATHS = "\"OmniverseCharacters/Preview Content\"";
				DEVELOPMENT_TEAM = S6DJ727MSY;
				ENABLE_PREVIEWS = YES;
				GENERATE_INFOPLIST_FILE = YES;
				INFOPLIST_KEY_UIApplicationSceneManifest_Generation = YES;
				INFOPLIST_KEY_UIApplicationSupportsIndirectInputEvents = YES;
				INFOPLIST_KEY_UILaunchScreen_Generation = YES;
				INFOPLIST_KEY_UISupportedInterfaceOrientations_iPad = "UIInterfaceOrientationPortrait UIInterfaceOrientationPortraitUpsideDown UIInterfaceOrientationLandscapeLeft UIInterfaceOrientationLandscapeRight";
				INFOPLIST_KEY_UISupportedInterfaceOrientations_iPhone = "UIInterfaceOrientationPortrait UIInterfaceOrientationLandscapeLeft UIInterfaceOrientationLandscapeRight";
				LD_RUNPATH_SEARCH_PATHS = (
					"$(inherited)",
					"@executable_path/Frameworks",
				);
				MARKETING_VERSION = 1.0;
				PRODUCT_BUNDLE_IDENTIFIER = com.mujo.OmniverseCharacters;
				PRODUCT_NAME = "$(TARGET_NAME)";
				SWIFT_EMIT_LOC_STRINGS = YES;
				SWIFT_VERSION = 5.0;
				TARGETED_DEVICE_FAMILY = "1,2";
			};
			name = Release;
		};
/* End XCBuildConfiguration section */

/* Begin XCConfigurationList section */
		2A1C0C2427A6D46200E000CB /* Build configuration list for PBXProject "OmniverseCharacters" */ = {
			isa = XCConfigurationList;
			buildConfigurations = (
				2A1C0C3527A6D46400E000CB /* Debug */,
				2A1C0C3627A6D46400E000CB /* Release */,
			);
			defaultConfigurationIsVisible = 0;
			defaultConfigurationName = Release;
		};
		2A1C0C3727A6D46400E000CB /* Build configuration list for PBXNativeTarget "OmniverseCharacters" */ = {
			isa = XCConfigurationList;
			buildConfigurations = (
				2A1C0C3827A6D46400E000CB /* Debug */,
				2A1C0C3927A6D46400E000CB /* Release */,
			);
			defaultConfigurationIsVisible = 0;
			defaultConfigurationName = Release;
		};
/* End XCConfigurationList section */
	};
	rootObject = 2A1C0C2127A6D46200E000CB /* Project object */;
}
